
Microsoft Visual Studio Solution File, Format Version 12.00
# Visual Studio 14
VisualStudioVersion = 14.0.25420.1
MinimumVisualStudioVersion = 10.0.40219.1
Project("{FAE04EC0-301F-11D3-BF4B-00C04F79EFBC}") = "HtmlObjects", "HtmlObjects\HtmlObjects.csproj", "{C0C03EC9-607E-46F7-A96F-210CDAE1FEBC}"
EndProject
Project("{FAE04EC0-301F-11D3-BF4B-00C04F79EFBC}") = "FormApplicationTest", "FormApplicationTest\FormApplicationTest.csproj", "{A7CFD390-DCD3-47CF-B872-657C7C5FEDF4}"
EndProject
Global
	GlobalSection(SolutionConfigurationPlatforms) = preSolution
		Debug|Any CPU = Debug|Any CPU
		Release|Any CPU = Release|Any CPU
	EndGlobalSection
	GlobalSection(ProjectConfigurationPlatforms) = postSolution
		{C0C03EC9-607E-46F7-A96F-210CDAE1FEBC}.Debug|Any CPU.ActiveCfg = Debug|Any CPU
		{C0C03EC9-607E-46F7-A96F-210CDAE1FEBC}.Debug|Any CPU.Build.0 = Debug|Any CPU
		{C0C03EC9-607E-46F7-A96F-210CDAE1FEBC}.Release|Any CPU.ActiveCfg = Release|Any CPU
		{C0C03EC9-607E-46F7-A96F-210CDAE1FEBC}.Release|Any CPU.Build.0 = Release|Any CPU
		{A7CFD390-DCD3-47CF-B872-657C7C5FEDF4}.Debug|Any CPU.ActiveCfg = Debug|Any CPU
		{A7CFD390-DCD3-47CF-B872-657C7C5FEDF4}.Debug|Any CPU.Build.0 = Debug|Any CPU
		{A7CFD390-DCD3-47CF-B872-657C7C5FEDF4}.Release|Any CPU.ActiveCfg = Release|Any CPU
		{A7CFD390-DCD3-47CF-B872-657C7C5FEDF4}.Release|Any CPU.Build.0 = Release|Any CPU
	EndGlobalSection
	GlobalSection(SolutionProperties) = preSolution
		HideSolutionNode = FALSE
	EndGlobalSection
EndGlobal
